// !$*UTF8*$!
{
	archiveVersion = 1;
	classes = {
	};
	objectVersion = 77;
	objects = {

/* Begin PBXBuildFile section */
		D81D9E222FB59FC3002D3DE2 /* LaTeXSwiftUI in Frameworks */ = {isa = PBXBuildFile; productRef = D81D9E212FB59FC3002D3DE2 /* LaTeXSwiftUI */; };
/* End PBXBuildFile section */

/* Begin PBXContainerItemProxy section */
		D85369DD2FB4C6710046DD4C /* PBXContainerItemProxy */ = {
			isa = PBXContainerItemProxy;
			containerPortal = D85369C32FB4C66E0046DD4C /* Project object */;
			proxyType = 1;
			remoteGlobalIDString = D85369CA2FB4C66E0046DD4C;
			remoteInfo = AnnoTex;
		};
		D85369E72FB4C6710046DD4C /* PBXContainerItemProxy */ = {
			isa = PBXContainerItemProxy;
			containerPortal = D85369C32FB4C66E0046DD4C /* Project object */;
			proxyType = 1;
			remoteGlobalIDString = D85369CA2FB4C66E0046DD4C;
			remoteInfo = AnnoTex;
		};
/* End PBXContainerItemProxy section */

/* Begin PBXFileReference section */
		D85369CB2FB4C66E0046DD4C /* AnnoTex.app */ = {isa = PBXFileReference; explicitFileType = wrapper.application; includeInIndex = 0; path = AnnoTex.app; sourceTree = BUILT_PRODUCTS_DIR; };
		D85369DC2FB4C6710046DD4C /* AnnoTexTests.xctest */ = {isa = PBXFileReference; explicitFileType = wrapper.cfbundle; includeInIndex = 0; path = AnnoTexTests.xctest; sourceTree = BUILT_PRODUCTS_DIR; };
		D85369E62FB4C6710046DD4C /* AnnoTexUITests.xctest */ = {isa = PBXFileReference; explicitFileType = wrapper.cfbundle; includeInIndex = 0; path = AnnoTexUITests.xctest; sourceTree = BUILT_PRODUCTS_DIR; };
/* End PBXFileReference section */

/* Begin PBXFileSystemSynchronizedRootGroup section */
		D85369CD2FB4C66E0046DD4C /* AnnoTex */ = {
			isa = PBXFileSystemSynchronizedRootGroup;
			path = AnnoTex;
			sourceTree = "<group>";
		};
		D85369DF2FB4C6710046DD4C /* AnnoTexTests */ = {
			isa = PBXFileSystemSynchronizedRootGroup;
			path = AnnoTexTests;
			sourceTree = "<group>";
		};
		D85369E92FB4C6710046DD4C /* AnnoTexUITests */ = {
			isa = PBXFileSystemSynchronizedRootGroup;
			path = AnnoTexUITests;
			sourceTree = "<group>";
		};
/* End PBXFileSystemSynchronizedRootGroup section */

/* Begin PBXFrameworksBuildPhase section */
		D85369C82FB4C66E0046DD4C /* Frameworks */ = {
			isa = PBXFrameworksBuildPhase;
			buildActionMask = 2147483647;
			files = (
				D81D9E222FB59FC3002D3DE2 /* LaTeXSwiftUI in Frameworks */,
			);
			runOnlyForDeploymentPostprocessing = 0;
		};
		D85369D92FB4C6710046DD4C /* Frameworks */ = {
			isa = PBXFrameworksBuildPhase;
			buildActionMask = 2147483647;
			files = (
			);
			runOnlyForDeploymentPostprocessing = 0;
		};
		D85369E32FB4C6710046DD4C /* Frameworks */ = {
			isa = PBXFrameworksBuildPhase;
			buildActionMask = 2147483647;
			files = (
			);
			runOnlyForDeploymentPostprocessing = 0;
		};
/* End PBXFrameworksBuildPhase section */

/* Begin PBXGroup section */
		D85369C22FB4C66E0046DD4C = {
			isa = PBXGroup;
			children = (
				D85369CD2FB4C66E0046DD4C /* AnnoTex */,
				D85369DF2FB4C6710046DD4C /* AnnoTexTests */,
				D85369E92FB4C6710046DD4C /* AnnoTexUITests */,
				D85369CC2FB4C66E0046DD4C /* Products */,
			);
			sourceTree = "<group>";
		};
		D85369CC2FB4C66E0046DD4C /* Products */ = {
			isa = PBXGroup;
			children = (
				D85369CB2FB4C66E0046DD4C /* AnnoTex.app */,
				D85369DC2FB4C6710046DD4C /* AnnoTexTests.xctest */,
				D85369E62FB4C6710046DD4C /* AnnoTexUITests.xctest */,
			);
			name = Products;
			sourceTree = "<group>";
		};
/* End PBXGroup section */

/* Begin PBXNativeTarget section */
		D85369CA2FB4C66E0046DD4C /* AnnoTex */ = {
			isa = PBXNativeTarget;
			buildConfigurationList = D85369F02FB4C6710046DD4C /* Build configuration list for PBXNativeTarget "AnnoTex" */;
			buildPhases = (
				D85369C72FB4C66E0046DD4C /* Sources */,
				D85369C82FB4C66E0046DD4C /* Frameworks */,
				D85369C92FB4C66E0046DD4C /* Resources */,
			);
			buildRules = (
			);
			dependencies = (
			);
			fileSystemSynchronizedGroups = (
				D85369CD2FB4C66E0046DD4C /* AnnoTex */,
			);
			name = AnnoTex;
			packageProductDependencies = (
				D81D9E212FB59FC3002D3DE2 /* LaTeXSwiftUI */,
			);
			productName = AnnoTex;
			productReference = D85369CB2FB4C66E0046DD4C /* AnnoTex.app */;
			productType = "com.apple.product-type.application";
		};
		D85369DB2FB4C6710046DD4C /* AnnoTexTests */ = {
			isa = PBXNativeTarget;
			buildConfigurationList = D85369F32FB4C6710046DD4C /* Build configuration list for PBXNativeTarget "AnnoTexTests" */;
			buildPhases = (
				D85369D82FB4C6710046DD4C /* Sources */,
				D85369D92FB4C6710046DD4C /* Frameworks */,
				D85369DA2FB4C6710046DD4C /* Resources */,
			);
			buildRules = (
			);
			dependencies = (
				D85369DE2FB4C6710046DD4C /* PBXTargetDependency */,
			);
			fileSystemSynchronizedGroups = (
				D85369DF2FB4C6710046DD4C /* AnnoTexTests */,
			);
			name = AnnoTexTests;
			packageProductDependencies = (
			);
			productName = AnnoTexTests;
			productReference = D85369DC2FB4C6710046DD4C /* AnnoTexTests.xctest */;
			productType = "com.apple.product-type.bundle.unit-test";
		};
		D85369E52FB4C6710046DD4C /* AnnoTexUITests */ = {
			isa = PBXNativeTarget;
			buildConfigurationList = D85369F62FB4C6710046DD4C /* Build configuration list for PBXNativeTarget "AnnoTexUITests" */;
			buildPhases = (
				D85369E22FB4C6710046DD4C /* Sources */,
				D85369E32FB4C6710046DD4C /* Frameworks */,
				D85369E42FB4C6710046DD4C /* Resources */,
			);
			buildRules = (
			);
			dependencies = (
				D85369E82FB4C6710046DD4C /* PBXTargetDependency */,
			);
			fileSystemSynchronizedGroups = (
				D85369E92FB4C6710046DD4C /* AnnoTexUITests */,
			);
			name = AnnoTexUITests;
			packageProductDependencies = (
			);
			productName = AnnoTexUITests;
			productReference = D85369E62FB4C6710046DD4C /* AnnoTexUITests.xctest */;
			productType = "com.apple.product-type.bundle.ui-testing";
		};
/* End PBXNativeTarget section */

/* Begin PBXProject section */
		D85369C32FB4C66E0046DD4C /* Project object */ = {
			isa = PBXProject;
			attributes = {
				BuildIndependentTargetsInParallel = 1;
				LastSwiftUpdateCheck = 1620;
				LastUpgradeCheck = 1620;
				TargetAttributes = {
					D85369CA2FB4C66E0046DD4C = {
						CreatedOnToolsVersion = 16.2;
					};
					D85369DB2FB4C6710046DD4C = {
						CreatedOnToolsVersion = 16.2;
						TestTargetID = D85369CA2FB4C66E0046DD4C;
					};
					D85369E52FB4C6710046DD4C = {
						CreatedOnToolsVersion = 16.2;
						TestTargetID = D85369CA2FB4C66E0046DD4C;
					};
				};
			};
			buildConfigurationList = D85369C62FB4C66E0046DD4C /* Build configuration list for PBXProject "AnnoTex" */;
			developmentRegion = en;
			hasScannedForEncodings = 0;
			knownRegions = (
				en,
				Base,
			);
			mainGroup = D85369C22FB4C66E0046DD4C;
			minimizedProjectReferenceProxies = 1;
			packageReferences = (
				D81D9E202FB59FC3002D3DE2 /* XCRemoteSwiftPackageReference "LaTeXSwiftUI" */,
			);
			preferredProjectObjectVersion = 77;
			productRefGroup = D85369CC2FB4C66E0046DD4C /* Products */;
			projectDirPath = "";
			projectRoot = "";
			targets = (
				D85369CA2FB4C66E0046DD4C /* AnnoTex */,
				D85369DB2FB4C6710046DD4C /* AnnoTexTests */,
				D85369E52FB4C6710046DD4C /* AnnoTexUITests */,
			);
		};
/* End PBXProject section */

/* Begin PBXResourcesBuildPhase section */
		D85369C92FB4C66E0046DD4C /* Resources */ = {
			isa = PBXResourcesBuildPhase;
			buildActionMask = 2147483647;
			files = (
			);
			runOnlyForDeploymentPostprocessing = 0;
		};
		D85369DA2FB4C6710046DD4C /* Resources */ = {
			isa = PBXResourcesBuildPhase;
			buildActionMask = 2147483647;
			files = (
			);
			runOnlyForDeploymentPostprocessing = 0;
		};
		D85369E42FB4C6710046DD4C /* Resources */ = {
			isa = PBXResourcesBuildPhase;
			buildActionMask = 2147483647;
			files = (
			);
			runOnlyForDeploymentPostprocessing = 0;
		};
/* End PBXResourcesBuildPhase section */

/* Begin PBXSourcesBuildPhase section */
		D85369C72FB4C66E0046DD4C /* Sources */ = {
			isa = PBXSourcesBuildPhase;
			buildActionMask = 2147483647;
			files = (
			);
			runOnlyForDeploymentPostprocessing = 0;
		};
		D85369D82FB4C6710046DD4C /* Sources */ = {
			isa = PBXSourcesBuildPhase;
			buildActionMask = 2147483647;
			files = (
			);
			runOnlyForDeploymentPostprocessing = 0;
		};
		D85369E22FB4C6710046DD4C /* Sources */ = {
			isa = PBXSourcesBuildPhase;
			buildActionMask = 2147483647;
			files = (
			);
			runOnlyForDeploymentPostprocessing = 0;
		};
/* End PBXSourcesBuildPhase section */

/* Begin PBXTargetDependency section */
		D85369DE2FB4C6710046DD4C /* PBXTargetDependency */ = {
			isa = PBXTargetDependency;
			target = D85369CA2FB4C66E0046DD4C /* AnnoTex */;
			targetProxy = D85369DD2FB4C6710046DD4C /* PBXContainerItemProxy */;
		};
		D85369E82FB4C6710046DD4C /* PBXTargetDependency */ = {
			isa = PBXTargetDependency;
			target = D85369CA2FB4C66E0046DD4C /* AnnoTex */;
			targetProxy = D85369E72FB4C6710046DD4C /* PBXContainerItemProxy */;
		};
/* End PBXTargetDependency section */

/* Begin XCBuildConfiguration section */
		D85369EE2FB4C6710046DD4C /* Debug */ = {
			isa = XCBuildConfiguration;
			buildSettings = {
				ALWAYS_SEARCH_USER_PATHS = NO;
				ASSETCATALOG_COMPILER_GENERATE_SWIFT_ASSET_SYMBOL_EXTENSIONS = YES;
				CLANG_ANALYZER_NONNULL = YES;
				CLANG_ANALYZER_NUMBER_OBJECT_CONVERSION = YES_AGGRESSIVE;
				CLANG_CXX_LANGUAGE_STANDARD = "gnu++20";
				CLANG_ENABLE_MODULES = YES;
				CLANG_ENABLE_OBJC_ARC = YES;
				CLANG_ENABLE_OBJC_WEAK = YES;
				CLANG_WARN_BLOCK_CAPTURE_AUTORELEASING = YES;
				CLANG_WARN_BOOL_CONVERSION = YES;
				CLANG_WARN_COMMA = YES;
				CLANG_WARN_CONSTANT_CONVERSION = YES;
				CLANG_WARN_DEPRECATED_OBJC_IMPLEMENTATIONS = YES;
				CLANG_WARN_DIRECT_OBJC_ISA_USAGE = YES_ERROR;
				CLANG_WARN_DOCUMENTATION_COMMENTS = YES;
				CLANG_WARN_EMPTY_BODY = YES;
				CLANG_WARN_ENUM_CONVERSION = YES;
				CLANG_WARN_INFINITE_RECURSION = YES;
				CLANG_WARN_INT_CONVERSION = YES;
				CLANG_WARN_NON_LITERAL_NULL_CONVERSION = YES;
				CLANG_WARN_OBJC_IMPLICIT_RETAIN_SELF = YES;
				CLANG_WARN_OBJC_LITERAL_CONVERSION = YES;
				CLANG_WARN_OBJC_ROOT_CLASS = YES_ERROR;
				CLANG_WARN_QUOTED_INCLUDE_IN_FRAMEWORK_HEADER = YES;
				CLANG_WARN_RANGE_LOOP_ANALYSIS = YES;
				CLANG_WARN_STRICT_PROTOTYPES = YES;
				CLANG_WARN_SUSPICIOUS_MOVE = YES;
				CLANG_WARN_UNGUARDED_AVAILABILITY = YES_AGGRESSIVE;
				CLANG_WARN_UNREACHABLE_CODE = YES;
				CLANG_WARN__DUPLICATE_METHOD_MATCH = YES;
				COPY_PHASE_STRIP = NO;
				DEBUG_INFORMATION_FORMAT = dwarf;
				ENABLE_STRICT_OBJC_MSGSEND = YES;
				ENABLE_TESTABILITY = YES;
				ENABLE_USER_SCRIPT_SANDBOXING = YES;
				GCC_C_LANGUAGE_STANDARD = gnu17;
				GCC_DYNAMIC_NO_PIC = NO;
				GCC_NO_COMMON_BLOCKS = YES;
				GCC_OPTIMIZATION_LEVEL = 0;
				GCC_PREPROCESSOR_DEFINITIONS = (
					"DEBUG=1",
					"$(inherited)",
				);
				GCC_WARN_64_TO_32_BIT_CONVERSION = YES;
				GCC_WARN_ABOUT_RETURN_TYPE = YES_ERROR;
				GCC_WARN_UNDECLARED_SELECTOR = YES;
				GCC_WARN_UNINITIALIZED_AUTOS = YES_AGGRESSIVE;
				GCC_WARN_UNUSED_FUNCTION = YES;
				GCC_WARN_UNUSED_VARIABLE = YES;
				LOCALIZATION_PREFERS_STRING_CATALOGS = YES;
				MACOSX_DEPLOYMENT_TARGET = 15.0;
				MTL_ENABLE_DEBUG_INFO = INCLUDE_SOURCE;
				MTL_FAST_MATH = YES;
				ONLY_ACTIVE_ARCH = YES;
				SDKROOT = macosx;
				SWIFT_ACTIVE_COMPILATION_CONDITIONS = "DEBUG $(inherited)";
				SWIFT_OPTIMIZATION_LEVEL = "-Onone";
			};
			name = Debug;
		};
		D85369EF2FB4C6710046DD4C /* Release */ = {
			isa = XCBuildConfiguration;
			buildSettings = {
				ALWAYS_SEARCH_USER_PATHS = NO;
				ASSETCATALOG_COMPILER_GENERATE_SWIFT_ASSET_SYMBOL_EXTENSIONS = YES;
				CLANG_ANALYZER_NONNULL = YES;
				CLANG_ANALYZER_NUMBER_OBJECT_CONVERSION = YES_AGGRESSIVE;
				CLANG_CXX_LANGUAGE_STANDARD = "gnu++20";
				CLANG_ENABLE_MODULES = YES;
				CLANG_ENABLE_OBJC_ARC = YES;
				CLANG_ENABLE_OBJC_WEAK = YES;
				CLANG_WARN_BLOCK_CAPTURE_AUTORELEASING = YES;
				CLANG_WARN_BOOL_CONVERSION = YES;
				CLANG_WARN_COMMA = YES;
				CLANG_WARN_CONSTANT_CONVERSION = YES;
				CLANG_WARN_DEPRECATED_OBJC_IMPLEMENTATIONS = YES;
				CLANG_WARN_DIRECT_OBJC_ISA_USAGE = YES_ERROR;
				CLANG_WARN_DOCUMENTATION_COMMENTS = YES;
				CLANG_WARN_EMPTY_BODY = YES;
				CLANG_WARN_ENUM_CONVERSION = YES;
				CLANG_WARN_INFINITE_RECURSION = YES;
				CLANG_WARN_INT_CONVERSION = YES;
				CLANG_WARN_NON_LITERAL_NULL_CONVERSION = YES;
				CLANG_WARN_OBJC_IMPLICIT_RETAIN_SELF = YES;
				CLANG_WARN_OBJC_LITERAL_CONVERSION = YES;
				CLANG_WARN_OBJC_ROOT_CLASS = YES_ERROR;
				CLANG_WARN_QUOTED_INCLUDE_IN_FRAMEWORK_HEADER = YES;
				CLANG_WARN_RANGE_LOOP_ANALYSIS = YES;
				CLANG_WARN_STRICT_PROTOTYPES = YES;
				CLANG_WARN_SUSPICIOUS_MOVE = YES;
				CLANG_WARN_UNGUARDED_AVAILABILITY = YES_AGGRESSIVE;
				CLANG_WARN_UNREACHABLE_CODE = YES;
				CLANG_WARN__DUPLICATE_METHOD_MATCH = YES;
				COPY_PHASE_STRIP = NO;
				DEBUG_INFORMATION_FORMAT = "dwarf-with-dsym";
				ENABLE_NS_ASSERTIONS = NO;
				ENABLE_STRICT_OBJC_MSGSEND = YES;
				ENABLE_USER_SCRIPT_SANDBOXING = YES;
				GCC_C_LANGUAGE_STANDARD = gnu17;
				GCC_NO_COMMON_BLOCKS = YES;
				GCC_WARN_64_TO_32_BIT_CONVERSION = YES;
				GCC_WARN_ABOUT_RETURN_TYPE = YES_ERROR;
				GCC_WARN_UNDECLARED_SELECTOR = YES;
				GCC_WARN_UNINITIALIZED_AUTOS = YES_AGGRESSIVE;
				GCC_WARN_UNUSED_FUNCTION = YES;
				GCC_WARN_UNUSED_VARIABLE = YES;
				LOCALIZATION_PREFERS_STRING_CATALOGS = YES;
				MACOSX_DEPLOYMENT_TARGET = 15.0;
				MTL_ENABLE_DEBUG_INFO = NO;
				MTL_FAST_MATH = YES;
				SDKROOT = macosx;
				SWIFT_COMPILATION_MODE = wholemodule;
			};
			name = Release;
		};
		D85369F12FB4C6710046DD4C /* Debug */ = {
			isa = XCBuildConfiguration;
			buildSettings = {
				ASSETCATALOG_COMPILER_APPICON_NAME = AppIcon;
				ASSETCATALOG_COMPILER_GLOBAL_ACCENT_COLOR_NAME = AccentColor;
				CODE_SIGN_ENTITLEMENTS = AnnoTex/AnnoTex.entitlements;
				CODE_SIGN_STYLE = Automatic;
				COMBINE_HIDPI_IMAGES = YES;
				CURRENT_PROJECT_VERSION = 1;
				DEVELOPMENT_ASSET_PATHS = "\"AnnoTex/Preview Content\"";
				ENABLE_PREVIEWS = YES;
				GENERATE_INFOPLIST_FILE = YES;
				INFOPLIST_KEY_NSHumanReadableCopyright = "";
				LD_RUNPATH_SEARCH_PATHS = (
					"$(inherited)",
					"@executable_path/../Frameworks",
				);
				MARKETING_VERSION = 1.0;
				PRODUCT_BUNDLE_IDENTIFIER = test.AnnoTex;
				PRODUCT_NAME = "$(TARGET_NAME)";
				SWIFT_EMIT_LOC_STRINGS = YES;
				SWIFT_VERSION = 5.0;
			};
			name = Debug;
		};
		D85369F22FB4C6710046DD4C /* Release */ = {
			isa = XCBuildConfiguration;
			buildSettings = {
				ASSETCATALOG_COMPILER_APPICON_NAME = AppIcon;
				ASSETCATALOG_COMPILER_GLOBAL_ACCENT_COLOR_NAME = AccentColor;
				CODE_SIGN_ENTITLEMENTS = AnnoTex/AnnoTex.entitlements;
				CODE_SIGN_STYLE = Automatic;
				COMBINE_HIDPI_IMAGES = YES;
				CURRENT_PROJECT_VERSION = 1;
				DEVELOPMENT_ASSET_PATHS = "\"AnnoTex/Preview Content\"";
				ENABLE_PREVIEWS = YES;
				GENERATE_INFOPLIST_FILE = YES;
				INFOPLIST_KEY_NSHumanReadableCopyright = "";
				LD_RUNPATH_SEARCH_PATHS = (
					"$(inherited)",
					"@executable_path/../Frameworks",
				);
				MARKETING_VERSION = 1.0;
				PRODUCT_BUNDLE_IDENTIFIER = test.AnnoTex;
				PRODUCT_NAME = "$(TARGET_NAME)";
				SWIFT_EMIT_LOC_STRINGS = YES;
				SWIFT_VERSION = 5.0;
			};
			name = Release;
		};
		D85369F42FB4C6710046DD4C /* Debug */ = {
			isa = XCBuildConfiguration;
			buildSettings = {
				BUNDLE_LOADER = "$(TEST_HOST)";
				CODE_SIGN_STYLE = Automatic;
				CURRENT_PROJECT_VERSION = 1;
				GENERATE_INFOPLIST_FILE = YES;
				MACOSX_DEPLOYMENT_TARGET = 15.0;
				MARKETING_VERSION = 1.0;
				PRODUCT_BUNDLE_IDENTIFIER = test.AnnoTexTests;
				PRODUCT_NAME = "$(TARGET_NAME)";
				SWIFT_EMIT_LOC_STRINGS = NO;
				SWIFT_VERSION = 5.0;
				TEST_HOST = "$(BUILT_PRODUCTS_DIR)/AnnoTex.app/$(BUNDLE_EXECUTABLE_FOLDER_PATH)/AnnoTex";
			};
			name = Debug;
		};
		D85369F52FB4C6710046DD4C /* Release */ = {
			isa = XCBuildConfiguration;
			buildSettings = {
				BUNDLE_LOADER = "$(TEST_HOST)";
				CODE_SIGN_STYLE = Automatic;
				CURRENT_PROJECT_VERSION = 1;
				GENERATE_INFOPLIST_FILE = YES;
				MACOSX_DEPLOYMENT_TARGET = 15.0;
				MARKETING_VERSION = 1.0;
				PRODUCT_BUNDLE_IDENTIFIER = test.AnnoTexTests;
				PRODUCT_NAME = "$(TARGET_NAME)";
				SWIFT_EMIT_LOC_STRINGS = NO;
				SWIFT_VERSION = 5.0;
				TEST_HOST = "$(BUILT_PRODUCTS_DIR)/AnnoTex.app/$(BUNDLE_EXECUTABLE_FOLDER_PATH)/AnnoTex";
			};
			name = Release;
		};
		D85369F72FB4C6710046DD4C /* Debug */ = {
			isa = XCBuildConfiguration;
			buildSettings = {
				CODE_SIGN_STYLE = Automatic;
				CURRENT_PROJECT_VERSION = 1;
				GENERATE_INFOPLIST_FILE = YES;
				MARKETING_VERSION = 1.0;
				PRODUCT_BUNDLE_IDENTIFIER = test.AnnoTexUITests;
				PRODUCT_NAME = "$(TARGET_NAME)";
				SWIFT_EMIT_LOC_STRINGS = NO;
				SWIFT_VERSION = 5.0;
				TEST_TARGET_NAME = AnnoTex;
			};
			name = Debug;
		};
		D85369F82FB4C6710046DD4C /* Release */ = {
			isa = XCBuildConfiguration;
			buildSettings = {
				CODE_SIGN_STYLE = Automatic;
				CURRENT_PROJECT_VERSION = 1;
				GENERATE_INFOPLIST_FILE = YES;
				MARKETING_VERSION = 1.0;
				PRODUCT_BUNDLE_IDENTIFIER = test.AnnoTexUITests;
				PRODUCT_NAME = "$(TARGET_NAME)";
				SWIFT_EMIT_LOC_STRINGS = NO;
				SWIFT_VERSION = 5.0;
				TEST_TARGET_NAME = AnnoTex;
			};
			name = Release;
		};
/* End XCBuildConfiguration section */

/* Begin XCConfigurationList section */
		D85369C62FB4C66E0046DD4C /* Build configuration list for PBXProject "AnnoTex" */ = {
			isa = XCConfigurationList;
			buildConfigurations = (
				D85369EE2FB4C6710046DD4C /* Debug */,
				D85369EF2FB4C6710046DD4C /* Release */,
			);
			defaultConfigurationIsVisible = 0;
			defaultConfigurationName = Release;
		};
		D85369F02FB4C6710046DD4C /* Build configuration list for PBXNativeTarget "AnnoTex" */ = {
			isa = XCConfigurationList;
			buildConfigurations = (
				D85369F12FB4C6710046DD4C /* Debug */,
				D85369F22FB4C6710046DD4C /* Release */,
			);
			defaultConfigurationIsVisible = 0;
			defaultConfigurationName = Release;
		};
		D85369F32FB4C6710046DD4C /* Build configuration list for PBXNativeTarget "AnnoTexTests" */ = {
			isa = XCConfigurationList;
			buildConfigurations = (
				D85369F42FB4C6710046DD4C /* Debug */,
				D85369F52FB4C6710046DD4C /* Release */,
			);
			defaultConfigurationIsVisible = 0;
			defaultConfigurationName = Release;
		};
		D85369F62FB4C6710046DD4C /* Build configuration list for PBXNativeTarget "AnnoTexUITests" */ = {
			isa = XCConfigurationList;
			buildConfigurations = (
				D85369F72FB4C6710046DD4C /* Debug */,
				D85369F82FB4C6710046DD4C /* Release */,
			);
			defaultConfigurationIsVisible = 0;
			defaultConfigurationName = Release;
		};
/* End XCConfigurationList section */

/* Begin XCRemoteSwiftPackageReference section */
		D81D9E202FB59FC3002D3DE2 /* XCRemoteSwiftPackageReference "LaTeXSwiftUI" */ = {
			isa = XCRemoteSwiftPackageReference;
			repositoryURL = "https://github.com/colinc86/LaTeXSwiftUI.git";
			requirement = {
				branch = main;
				kind = branch;
			};
		};
/* End XCRemoteSwiftPackageReference section */

/* Begin XCSwiftPackageProductDependency section */
		D81D9E212FB59FC3002D3DE2 /* LaTeXSwiftUI */ = {
			isa = XCSwiftPackageProductDependency;
			package = D81D9E202FB59FC3002D3DE2 /* XCRemoteSwiftPackageReference "LaTeXSwiftUI" */;
			productName = LaTeXSwiftUI;
		};
/* End XCSwiftPackageProductDependency section */
	};
	rootObject = D85369C32FB4C66E0046DD4C /* Project object */;
}
